Microsoft Visual Studio Solution File, Format Version 12.00
# Visual Studio Version 17
VisualStudioVersion = 17.14.36414.22
MinimumVisualStudioVersion = 10.0.40219.1
Project("{FAE04EC0-301F-11D3-BF4B-00C04F79EFBC}") = "Hydra_Reminder", "Water_Remind\Hydra_Reminder.csproj", "{9B01AC2C-2564-4025-9CC4-37D6999A5B3D}"
EndProject
Global
	GlobalSection(SolutionConfigurationPlatforms) = preSolution
		Debug|Any CPU = Debug|Any CPU
		Release|Any CPU = Release|Any CPU
	EndGlobalSection
	GlobalSection(ProjectConfigurationPlatforms) = postSolution
		{9B01AC2C-2564-4025-9CC4-37D6999A5B3D}.Debug|Any CPU.ActiveCfg = Debug|Any CPU
		{9B01AC2C-2564-4025-9CC4-37D6999A5B3D}.Debug|Any CPU.Build.0 = Debug|Any CPU
		{9B01AC2C-2564-4025-9CC4-37D6999A5B3D}.Release|Any CPU.ActiveCfg = Release|Any CPU
		{9B01AC2C-2564-4025-9CC4-37D6999A5B3D}.Release|Any CPU.Build.0 = Release|Any CPU
	EndGlobalSection
	GlobalSection(SolutionProperties) = preSolution
		HideSolutionNode = FALSE
	EndGlobalSection
	GlobalSection(ExtensibilityGlobals) = postSolution
		SolutionGuid = {1C588337-90A4-4C9D-8DA9-AF1122B6DBAE}
	EndGlobalSection
EndGlobal
